
Microsoft Visual Studio Solution File, Format Version 12.00
# Visual Studio Version 16
VisualStudioVersion = 16.0.29905.134
MinimumVisualStudioVersion = 10.0.40219.1
Project("{FAE04EC0-301F-11D3-BF4B-00C04F79EFBC}") = "CustomAvatar.ApiSample", "CustomAvatar.ApiSample\CustomAvatar.ApiSample.csproj", "{0046E8DF-938F-43CF-9B1D-DC57D76A0F04}"
EndProject
Global
	GlobalSection(SolutionConfigurationPlatforms) = preSolution
		Debug|Any CPU = Debug|Any CPU
		Release|Any CPU = Release|Any CPU
	EndGlobalSection
	GlobalSection(ProjectConfigurationPlatforms) = postSolution
		{0046E8DF-938F-43CF-9B1D-DC57D76A0F04}.Debug|Any CPU.ActiveCfg = Debug|Any CPU
		{0046E8DF-938F-43CF-9B1D-DC57D76A0F04}.Debug|Any CPU.Build.0 = Debug|Any CPU
		{0046E8DF-938F-43CF-9B1D-DC57D76A0F04}.Release|Any CPU.ActiveCfg = Release|Any CPU
		{0046E8DF-938F-43CF-9B1D-DC57D76A0F04}.Release|Any CPU.Build.0 = Release|Any CPU
	EndGlobalSection
	GlobalSection(SolutionProperties) = preSolution
		HideSolutionNode = FALSE
	EndGlobalSection
	GlobalSection(ExtensibilityGlobals) = postSolution
		SolutionGuid = {EBFB4868-BE9C-4230-A525-B34C9E8DD0A3}
	EndGlobalSection
EndGlobal
